
Microsoft Visual Studio Solution File, Format Version 12.00
Project("{FAE04EC0-301F-11D3-BF4B-00C04F79EFBC}") = "Incremental.Common.Authentication", "Incremental.Common.Authentication\Incremental.Common.Authentication.csproj", "{4EAE873D-9067-42D3-A30C-CEDC0F13F205}"
EndProject
Project("{FAE04EC0-301F-11D3-BF4B-00C04F79EFBC}") = "Incremental.Common.Authentication.Jwt", "Incremental.Common.Authentication.Jwt\Incremental.Common.Authentication.Jwt.csproj", "{EDD1B0BD-AC0B-4E51-AB7A-31FCCB87380E}"
EndProject
Project("{FAE04EC0-301F-11D3-BF4B-00C04F79EFBC}") = "Incremental.Common.Authentication.Jwt.Testing", "Incremental.Common.Authentication.Jwt.Testing\Incremental.Common.Authentication.Jwt.Testing.csproj", "{631C7335-A71B-4F60-A80D-7054BA500821}"
EndProject
:wqProject("{2150E333-8FDC-42A3-9474-1A3956D46DE8}") = ".solution-files", ".solution-files", "{EF1177F4-D523-430B-96C4-036AC98BFD6F}"
	ProjectSection(SolutionItems) = preProject
		..\.github\workflows\package.yml = ..\.github\workflows\package.yml
	EndProjectSection
EndProject
Global
	GlobalSection(SolutionConfigurationPlatforms) = preSolution
		Debug|Any CPU = Debug|Any CPU
		Release|Any CPU = Release|Any CPU
	EndGlobalSection
	GlobalSection(ProjectConfigurationPlatforms) = postSolution
		{4EAE873D-9067-42D3-A30C-CEDC0F13F205}.Debug|Any CPU.ActiveCfg = Debug|Any CPU
		{4EAE873D-9067-42D3-A30C-CEDC0F13F205}.Debug|Any CPU.Build.0 = Debug|Any CPU
		{4EAE873D-9067-42D3-A30C-CEDC0F13F205}.Release|Any CPU.ActiveCfg = Release|Any CPU
		{4EAE873D-9067-42D3-A30C-CEDC0F13F205}.Release|Any CPU.Build.0 = Release|Any CPU
		{EDD1B0BD-AC0B-4E51-AB7A-31FCCB87380E}.Debug|Any CPU.ActiveCfg = Debug|Any CPU
		{EDD1B0BD-AC0B-4E51-AB7A-31FCCB87380E}.Debug|Any CPU.Build.0 = Debug|Any CPU
		{EDD1B0BD-AC0B-4E51-AB7A-31FCCB87380E}.Release|Any CPU.ActiveCfg = Release|Any CPU
		{EDD1B0BD-AC0B-4E51-AB7A-31FCCB87380E}.Release|Any CPU.Build.0 = Release|Any CPU
		{631C7335-A71B-4F60-A80D-7054BA500821}.Debug|Any CPU.ActiveCfg = Debug|Any CPU
		{631C7335-A71B-4F60-A80D-7054BA500821}.Debug|Any CPU.Build.0 = Debug|Any CPU
		{631C7335-A71B-4F60-A80D-7054BA500821}.Release|Any CPU.ActiveCfg = Release|Any CPU
		{631C7335-A71B-4F60-A80D-7054BA500821}.Release|Any CPU.Build.0 = Release|Any CPU
	EndGlobalSection
EndGlobal
